
Microsoft Visual Studio Solution File, Format Version 12.00
# Visual Studio 15
VisualStudioVersion = 15.0.27703.2035
MinimumVisualStudioVersion = 10.0.40219.1
Project("{FAE04EC0-301F-11D3-BF4B-00C04F79EFBC}") = "SpaceGame", "SpaceGame\SpaceGame.csproj", "{C5FB46AD-A875-4386-B03C-9F7291FDEFBC}"
EndProject
Global
	GlobalSection(SolutionConfigurationPlatforms) = preSolution
		Debug|Any CPU = Debug|Any CPU
		Release|Any CPU = Release|Any CPU
	EndGlobalSection
	GlobalSection(ProjectConfigurationPlatforms) = postSolution
		{C5FB46AD-A875-4386-B03C-9F7291FDEFBC}.Debug|Any CPU.ActiveCfg = Debug|Any CPU
		{C5FB46AD-A875-4386-B03C-9F7291FDEFBC}.Debug|Any CPU.Build.0 = Debug|Any CPU
		{C5FB46AD-A875-4386-B03C-9F7291FDEFBC}.Release|Any CPU.ActiveCfg = Release|Any CPU
		{C5FB46AD-A875-4386-B03C-9F7291FDEFBC}.Release|Any CPU.Build.0 = Release|Any CPU
	EndGlobalSection
	GlobalSection(SolutionProperties) = preSolution
		HideSolutionNode = FALSE
	EndGlobalSection
	GlobalSection(ExtensibilityGlobals) = postSolution
		SolutionGuid = {6AA8A74B-89F4-4B5C-ADA2-B4462BAFB715}
	EndGlobalSection
EndGlobal
